
Microsoft Visual Studio Solution File, Format Version 12.00
# Visual Studio Version 17
VisualStudioVersion = 17.0.31903.59
MinimumVisualStudioVersion = 10.0.40219.1
Project("{2150E333-8FDC-42A3-9474-1A3956D46DE8}") = "src", "src", "{827E0CD3-B72D-47B6-A68D-7590B98EB39B}"
EndProject
Project("{FAE04EC0-301F-11D3-BF4B-00C04F79EFBC}") = "DiscordGithubBot", "src\DiscordGithubBot\DiscordGithubBot.csproj", "{BCBF48D2-A687-427B-A9DF-C3DAC405DADC}"
EndProject
Project("{2150E333-8FDC-42A3-9474-1A3956D46DE8}") = "tests", "tests", "{0AB3BF05-4346-4AA6-1389-037BE0695223}"
EndProject
Project("{FAE04EC0-301F-11D3-BF4B-00C04F79EFBC}") = "DiscordGithubBot.Tests", "tests\DiscordGithubBot.Tests\DiscordGithubBot.Tests.csproj", "{8021FBCD-2055-4299-8036-DA7E60EF0E83}"
EndProject
Global
	GlobalSection(SolutionConfigurationPlatforms) = preSolution
		Debug|Any CPU = Debug|Any CPU
		Debug|x64 = Debug|x64
		Debug|x86 = Debug|x86
		Release|Any CPU = Release|Any CPU
		Release|x64 = Release|x64
		Release|x86 = Release|x86
	EndGlobalSection
	GlobalSection(ProjectConfigurationPlatforms) = postSolution
		{BCBF48D2-A687-427B-A9DF-C3DAC405DADC}.Debug|Any CPU.ActiveCfg = Debug|Any CPU
		{BCBF48D2-A687-427B-A9DF-C3DAC405DADC}.Debug|Any CPU.Build.0 = Debug|Any CPU
		{BCBF48D2-A687-427B-A9DF-C3DAC405DADC}.Debug|x64.ActiveCfg = Debug|Any CPU
		{BCBF48D2-A687-427B-A9DF-C3DAC405DADC}.Debug|x64.Build.0 = Debug|Any CPU
		{BCBF48D2-A687-427B-A9DF-C3DAC405DADC}.Debug|x86.ActiveCfg = Debug|Any CPU
		{BCBF48D2-A687-427B-A9DF-C3DAC405DADC}.Debug|x86.Build.0 = Debug|Any CPU
		{BCBF48D2-A687-427B-A9DF-C3DAC405DADC}.Release|Any CPU.ActiveCfg = Release|Any CPU
		{BCBF48D2-A687-427B-A9DF-C3DAC405DADC}.Release|Any CPU.Build.0 = Release|Any CPU
		{BCBF48D2-A687-427B-A9DF-C3DAC405DADC}.Release|x64.ActiveCfg = Release|Any CPU
		{BCBF48D2-A687-427B-A9DF-C3DAC405DADC}.Release|x64.Build.0 = Release|Any CPU
		{BCBF48D2-A687-427B-A9DF-C3DAC405DADC}.Release|x86.ActiveCfg = Release|Any CPU
		{BCBF48D2-A687-427B-A9DF-C3DAC405DADC}.Release|x86.Build.0 = Release|Any CPU
		{8021FBCD-2055-4299-8036-DA7E60EF0E83}.Debug|Any CPU.ActiveCfg = Debug|Any CPU
		{8021FBCD-2055-4299-8036-DA7E60EF0E83}.Debug|Any CPU.Build.0 = Debug|Any CPU
		{8021FBCD-2055-4299-8036-DA7E60EF0E83}.Debug|x64.ActiveCfg = Debug|Any CPU
		{8021FBCD-2055-4299-8036-DA7E60EF0E83}.Debug|x64.Build.0 = Debug|Any CPU
		{8021FBCD-2055-4299-8036-DA7E60EF0E83}.Debug|x86.ActiveCfg = Debug|Any CPU
		{8021FBCD-2055-4299-8036-DA7E60EF0E83}.Debug|x86.Build.0 = Debug|Any CPU
		{8021FBCD-2055-4299-8036-DA7E60EF0E83}.Release|Any CPU.ActiveCfg = Release|Any CPU
		{8021FBCD-2055-4299-8036-DA7E60EF0E83}.Release|Any CPU.Build.0 = Release|Any CPU
		{8021FBCD-2055-4299-8036-DA7E60EF0E83}.Release|x64.ActiveCfg = Release|Any CPU
		{8021FBCD-2055-4299-8036-DA7E60EF0E83}.Release|x64.Build.0 = Release|Any CPU
		{8021FBCD-2055-4299-8036-DA7E60EF0E83}.Release|x86.ActiveCfg = Release|Any CPU
		{8021FBCD-2055-4299-8036-DA7E60EF0E83}.Release|x86.Build.0 = Release|Any CPU
	EndGlobalSection
	GlobalSection(SolutionProperties) = preSolution
		HideSolutionNode = FALSE
	EndGlobalSection
	GlobalSection(NestedProjects) = preSolution
		{BCBF48D2-A687-427B-A9DF-C3DAC405DADC} = {827E0CD3-B72D-47B6-A68D-7590B98EB39B}
		{8021FBCD-2055-4299-8036-DA7E60EF0E83} = {0AB3BF05-4346-4AA6-1389-037BE0695223}
	EndGlobalSection
EndGlobal
